
Microsoft Visual Studio Solution File, Format Version 12.00
# Visual Studio Version 16
VisualStudioVersion = 16.0.30114.105
MinimumVisualStudioVersion = 10.0.40219.1
Project("{2150E333-8FDC-42A3-9474-1A3956D46DE8}") = "src", "src", "{A7E62ABA-EF19-4890-BA9E-42097B948B45}"
EndProject
Project("{FAE04EC0-301F-11D3-BF4B-00C04F79EFBC}") = "Extensions.Logging.NetStandard2.Telegram", "src\Extensions.Logging.NetStandard2.Telegram\Extensions.Logging.NetStandard2.Telegram.csproj", "{FA123D8B-5056-42A3-A2A6-4AE5273C7FF0}"
EndProject
Global
	GlobalSection(SolutionConfigurationPlatforms) = preSolution
		Debug|Any CPU = Debug|Any CPU
		Release|Any CPU = Release|Any CPU
	EndGlobalSection
	GlobalSection(SolutionProperties) = preSolution
		HideSolutionNode = FALSE
	EndGlobalSection
	GlobalSection(ProjectConfigurationPlatforms) = postSolution
		{FA123D8B-5056-42A3-A2A6-4AE5273C7FF0}.Debug|Any CPU.ActiveCfg = Debug|Any CPU
		{FA123D8B-5056-42A3-A2A6-4AE5273C7FF0}.Debug|Any CPU.Build.0 = Debug|Any CPU
		{FA123D8B-5056-42A3-A2A6-4AE5273C7FF0}.Release|Any CPU.ActiveCfg = Release|Any CPU
		{FA123D8B-5056-42A3-A2A6-4AE5273C7FF0}.Release|Any CPU.Build.0 = Release|Any CPU
	EndGlobalSection
	GlobalSection(NestedProjects) = preSolution
		{FA123D8B-5056-42A3-A2A6-4AE5273C7FF0} = {A7E62ABA-EF19-4890-BA9E-42097B948B45}
	EndGlobalSection
EndGlobal
